{
  "version": 4,
  "terraform_version": "1.10.5",
  "serial": 67,
  "lineage": "12a7cff7-c7ee-448b-ac1f-41924f663e25",
  "outputs": {},
  "resources": [
    {
      "module": "module.aws_custom_policies",
      "mode": "managed",
      "type": "aws_iam_policy",
      "name": "custom_policy",
      "provider": "provider[\"registry.terraform.io/hashicorp/aws\"]",
      "instances": [
        {
          "index_key": "IAMServicesSupervisor",
          "schema_version": 0,
          "attributes": {
            "arn": "arn:aws:iam::613524965002:policy/IAMServicesSupervisor",
            "description": "Policy granting IAM services admins permissions to make changes to user accounts",
            "id": "arn:aws:iam::613524965002:policy/IAMServicesSupervisor",
            "name": "IAMServicesSupervisor",
            "name_prefix": "",
            "path": "/",
            "policy": "{\"Statement\":[{\"Action\":[\"iam:CreateAccessKey\"],\"Effect\":\"Allow\",\"Resource\":\"arn:aws:iam::*:user/*\"},{\"Action\":[\"iam:UpdateLoginProfile\"],\"Condition\":{\"StringEquals\":{\"iam:ResourceTag/Access Level\":[\"1\",\"2\"]}},\"Effect\":\"Allow\",\"Resource\":\"arn:aws:iam::*:user/*\"},{\"Action\":[\"cloudshell:CreateEnvironment\",\"cloudshell:GetEnvironmentStatus\",\"cloudshell:CreateSession\",\"cloudshell:StartEnvironment\",\"cloudshell:StopEnvironment\"],\"Effect\":\"Allow\",\"Resource\":\"*\"}],\"Version\":\"2012-10-17\"}",
            "policy_id": "ANPAY5WHQA2FOOQPK5OTK",
            "tags": null,
            "tags_all": {}
          },
          "sensitive_attributes": [],
          "private": "bnVsbA=="
        }
      ]
    },
    {
      "module": "module.iam_oidc_gha_incubator",
      "mode": "data",
      "type": "aws_caller_identity",
      "name": "current",
      "provider": "provider[\"registry.terraform.io/hashicorp/aws\"]",
      "instances": [
        {
          "schema_version": 0,
          "attributes": {
            "account_id": "613524965002",
            "arn": "arn:aws:iam::613524965002:user/bltomlin",
            "id": "613524965002",
            "user_id": "AIDAY5WHQA2FC7W6RQ4PR"
          },
          "sensitive_attributes": []
        }
      ]
    },
    {
      "module": "module.iam_oidc_gha_incubator",
      "mode": "data",
      "type": "tls_certificate",
      "name": "github_actions",
      "provider": "provider[\"registry.terraform.io/hashicorp/tls\"]",
      "instances": [
        {
          "schema_version": 0,
          "attributes": {
            "certificates": [
              {
                "cert_pem": "-----BEGIN CERTIFICATE-----\nMIIFgTCCBGmgAwIBAgIQOXJEOvkit1HX02wQ3TE1lTANBgkqhkiG9w0BAQwFADB7\nMQswCQYDVQQGEwJHQjEbMBkGA1UECAwSR3JlYXRlciBNYW5jaGVzdGVyMRAwDgYD\nVQQHDAdTYWxmb3JkMRowGAYDVQQKDBFDb21vZG8gQ0EgTGltaXRlZDEhMB8GA1UE\nAwwYQUFBIENlcnRpZmljYXRlIFNlcnZpY2VzMB4XDTE5MDMxMjAwMDAwMFoXDTI4\nMTIzMTIzNTk1OVowgYgxCzAJBgNVBAYTAlVTMRMwEQYDVQQIEwpOZXcgSmVyc2V5\nMRQwEgYDVQQHEwtKZXJzZXkgQ2l0eTEeMBwGA1UEChMVVGhlIFVTRVJUUlVTVCBO\nZXR3b3JrMS4wLAYDVQQDEyVVU0VSVHJ1c3QgUlNBIENlcnRpZmljYXRpb24gQXV0\naG9yaXR5MIICIjANBgkqhkiG9w0BAQEFAAOCAg8AMIICCgKCAgEAgBJlFzYOw9sI\ns9CsVw127c0n00ytUINh4qogTQktZAnczomfzD2p7PbPwdzx07HWezcoEStH2jnG\nvDoZtF+mvX2do2NCtnbyqTsrkfjib9DsFiCQCT7i6HTJGLSR1GJk23+jBvGIGGqQ\nIjy8/hPwhxR79uQfjtTkUcYRZ0YIUcuGFFQ/vDP+fmyc/xadGL1RjjWmp2bIcmfb\nIWax1Jt4A8BQOujM8Ny8nkz+rwWWNR9XWrf/zvk9tyy29lTdyOcSOk2uTIq3XJq0\ntyA9yn8iNK5+O2hmAUTnAU5GU5szYPeUvlM3kHND8zLDU+/bqv50TmnHa4xgk97E\nxwzf4TKuzJM7UXiVZ4vuPVb+DNBpDxsP8yUmazNt925H+nND5X4OpWaxKXwyhGNV\nicQNwZNUMBkTrNN9N6frXTpsNVzbQdcS2qlJC9/YgIoJk2KOtWbPJYjNhLixP6Q5\nD9kCnusSTJV882sFqV4Wg8y4Z+LoE53MW4LTTLPtW//e5XOsIzstAL81VXQJSdhJ\nWBp/kjbmUZIO8yZ9HE0XvMnsQybQv0FfQKlERPSZ51eHnlAfV1SoPv10Yy+xUGUJ\n5lhCLkMaTLTwJUdZ+gQek9QmRkpQgbLevni3/GcV4clXhB4PY9bpYrrWX1Uu6lzG\nKAgEJTm4Diup8kyXHAc/DVL17e8vgg8CAwEAAaOB8jCB7zAfBgNVHSMEGDAWgBSg\nEQojPpbxB+zirynvgqV/0DCktDAdBgNVHQ4EFgQUU3m/WqorSs9UgOHYm8Cd8rID\nZsswDgYDVR0PAQH/BAQDAgGGMA8GA1UdEwEB/wQFMAMBAf8wEQYDVR0gBAowCDAG\nBgRVHSAAMEMGA1UdHwQ8MDowOKA2oDSGMmh0dHA6Ly9jcmwuY29tb2RvY2EuY29t\nL0FBQUNlcnRpZmljYXRlU2VydmljZXMuY3JsMDQGCCsGAQUFBwEBBCgwJjAkBggr\nBgEFBQcwAYYYaHR0cDovL29jc3AuY29tb2RvY2EuY29tMA0GCSqGSIb3DQEBDAUA\nA4IBAQAYh1HcdCE9nIrgJ7cz0C7M7PDmy14R3iJvm3WOnnL+5Nb+qh+cli3vA0p+\nrvSNb3I8QzvAP+u431yqqcau8vzY7qN7Q/aGNnwU4M309z/+3ri0ivCRlv79Q2R+\n/czSAaF9ffgZGclCKxO/WIu6pKJmBHaIkU4MiRTOok3JMrO66BQavHHxW/BBC5gA\nCiIDEOUMsfnNkjcZ7Tvx5Dq2+UUTJnWvu6rvP3t3O9LEApE9GQDTF1w52z97GA1F\nzZOFli9d31kWTz9RvdVFGD/tSo7oBmF0Ixa1DVBzJ0RHfxBdiSprhTEUxOipakyA\nvGp4z7h/jnZymQyd/teRCBaho1+V\n-----END CERTIFICATE-----\n",
                "is_ca": true,
                "issuer": "CN=AAA Certificate Services,O=Comodo CA Limited,L=Salford,ST=Greater Manchester,C=GB",
                "not_after": "2028-12-31T23:59:59Z",
                "not_before": "2019-03-12T00:00:00Z",
                "public_key_algorithm": "RSA",
                "serial_number": "76359301477803385872276235234032301461",
                "sha1_fingerprint": "d89e3bd43d5d909b47a18977aa9d5ce36cee184c",
                "signature_algorithm": "SHA384-RSA",
                "subject": "CN=USERTrust RSA Certification Authority,O=The USERTRUST Network,L=Jersey City,ST=New Jersey,C=US",
                "version": 3
              },
              {
                "cert_pem": "-----BEGIN CERTIFICATE-----\nMIIGEzCCA/ugAwIBAgIQfVtRJrR2uhHbdBYLvFMNpzANBgkqhkiG9w0BAQwFADCB\niDELMAkGA1UEBhMCVVMxEzARBgNVBAgTCk5ldyBKZXJzZXkxFDASBgNVBAcTC0pl\ncnNleSBDaXR5MR4wHAYDVQQKExVUaGUgVVNFUlRSVVNUIE5ldHdvcmsxLjAsBgNV\nBAMTJVVTRVJUcnVzdCBSU0EgQ2VydGlmaWNhdGlvbiBBdXRob3JpdHkwHhcNMTgx\nMTAyMDAwMDAwWhcNMzAxMjMxMjM1OTU5WjCBjzELMAkGA1UEBhMCR0IxGzAZBgNV\nBAgTEkdyZWF0ZXIgTWFuY2hlc3RlcjEQMA4GA1UEBxMHU2FsZm9yZDEYMBYGA1UE\nChMPU2VjdGlnbyBMaW1pdGVkMTcwNQYDVQQDEy5TZWN0aWdvIFJTQSBEb21haW4g\nVmFsaWRhdGlvbiBTZWN1cmUgU2VydmVyIENBMIIBIjANBgkqhkiG9w0BAQEFAAOC\nAQ8AMIIBCgKCAQEA1nMz1tc8INAA0hdFuNY+B6I/x0HuMjDJsGz99J/LEpgPLT+N\nTQEMgg8Xf2Iu6bhIefsWg06t1zIlk7cHv7lQP6lMw0Aq6Tn/2YHKHxYyQdqAJrkj\neocgHuP/IJo8lURvh3UGkEC0MpMWCRAIIz7S3YcPb11RFGoKacVPAXJpz9OTTG0E\noKMbgn6xmrntxZ7FN3ifmgg0+1YuWMQJDgZkW7w33PGfKGioVrCSo1yfu4iYCBsk\nHaswha6vsC6eep3BwEIc4gLw6uBK0u+QDrTBQBbwb4VCSmT3pDCg/r8uoydajotY\nuK3DGReEY+1vVv2Dy2A0xHS+5p3b4eTlygxfFQIDAQABo4IBbjCCAWowHwYDVR0j\nBBgwFoAUU3m/WqorSs9UgOHYm8Cd8rIDZsswHQYDVR0OBBYEFI2MXsRUrYrhd+mb\n+ZsF4bgBjWHhMA4GA1UdDwEB/wQEAwIBhjASBgNVHRMBAf8ECDAGAQH/AgEAMB0G\nA1UdJQQWMBQGCCsGAQUFBwMBBggrBgEFBQcDAjAbBgNVHSAEFDASMAYGBFUdIAAw\nCAYGZ4EMAQIBMFAGA1UdHwRJMEcwRaBDoEGGP2h0dHA6Ly9jcmwudXNlcnRydXN0\nLmNvbS9VU0VSVHJ1c3RSU0FDZXJ0aWZpY2F0aW9uQXV0aG9yaXR5LmNybDB2Bggr\nBgEFBQcBAQRqMGgwPwYIKwYBBQUHMAKGM2h0dHA6Ly9jcnQudXNlcnRydXN0LmNv\nbS9VU0VSVHJ1c3RSU0FBZGRUcnVzdENBLmNydDAlBggrBgEFBQcwAYYZaHR0cDov\nL29jc3AudXNlcnRydXN0LmNvbTANBgkqhkiG9w0BAQwFAAOCAgEAMr9hvQ5Iw0/H\nukdN+Jx4GQHcEx2Ab/zDcLRSmjEzmldS+zGea6TvVKqJjUAXaPgREHzSyrHxVYbH\n7rM2kYb2OVG/Rr8PoLq0935JxCo2F57kaDl6r5ROVm+yezu/Coa9zcV3HAO4OLGi\nH19+24rcRki2aArPsrW04jTkZ6k4Zgle0rj8nSg6F0AnwnJOKf0hPHzPE/uWLMUx\nRP0T7dWbqWlod3zu4f+k+TY4CFM5ooQ0nBnzvg6s1SQ36yOoeNDT5++SR2RiOSLv\nxvcRviKFxmZEJCaOEDKNyJOuB56DPi/Z+fVGjmO+wea03KbNIaiGCpXZLoUmGv38\nsbZXQm2V0TP2ORQGgkE49Y9Y3IBbpNV9lXj9p5v//cWoaasm56ekBYdbqbe4oyAL\nl6lFhd2zi+WJN44pDfwGF/Y4QA5C5BIG+3vzxhFoYt/jmPQT2BVPi7Fp2RBgvGQq\n6jG35LWjOhSbJuMLe/0CjraZwTiXWTb2qHSihrZe68Zk6s+go/lunrotEbaGmAhY\nLcmsJWTyXnW0OMGuf1pGg+pRyrbxmRE1a6Vqe8YAsOf4vmSyrcjC8azjUeqkk+B5\nyOGBQMkKW+ESPMFgKuOXwIlCypTPRpgSabuY0MLTDXJLR27lk8QyKGOHQ+SwMj4K\n00u/I5sUKUErmgQfky3xxzlIPK1aEn8=\n-----END CERTIFICATE-----\n",
                "is_ca": true,
                "issuer": "CN=USERTrust RSA Certification Authority,O=The USERTRUST Network,L=Jersey City,ST=New Jersey,C=US",
                "not_after": "2030-12-31T23:59:59Z",
                "not_before": "2018-11-02T00:00:00Z",
                "public_key_algorithm": "RSA",
                "serial_number": "166627644428940058458651716034439089575",
                "sha1_fingerprint": "33e4e80807204c2b6182a3a14b591acd25b5f0db",
                "signature_algorithm": "SHA384-RSA",
                "subject": "CN=Sectigo RSA Domain Validation Secure Server CA,O=Sectigo Limited,L=Salford,ST=Greater Manchester,C=GB",
                "version": 3
              },
              {
                "cert_pem": "-----BEGIN CERTIFICATE-----\nMIIHaDCCBlCgAwIBAgIRAJPStHPK5CQSa0JN71PyO7UwDQYJKoZIhvcNAQELBQAw\ngY8xCzAJBgNVBAYTAkdCMRswGQYDVQQIExJHcmVhdGVyIE1hbmNoZXN0ZXIxEDAO\nBgNVBAcTB1NhbGZvcmQxGDAWBgNVBAoTD1NlY3RpZ28gTGltaXRlZDE3MDUGA1UE\nAxMuU2VjdGlnbyBSU0EgRG9tYWluIFZhbGlkYXRpb24gU2VjdXJlIFNlcnZlciBD\nQTAeFw0yNDA3MDgwMDAwMDBaFw0yNTA3MDgyMzU5NTlaMCoxKDAmBgNVBAMMHyou\nYWN0aW9ucy5naXRodWJ1c2VyY29udGVudC5jb20wggIiMA0GCSqGSIb3DQEBAQUA\nA4ICDwAwggIKAoICAQDo4bImOjN2CKPLUnYciOPgwTvPUMG34nROjJCpDRdP+8Wv\nfsTf8oyR7gtVKSmDdkFWYPt7wWk20xbECEZdiCYqhcXsoWqfqCKEfp/cruNzwtQK\ncsfmpziyhnuQuQ+n6TL6cewi8+mdSgTUt7UDKSPaM7X5dJiQ/Au54Tj7l2T8Wf+g\n8PZdsAWUfmu+Ku8YxoBo4QaeSPxiZcPpMLzdy2wMV6RoA8t0uJSFztJAQu6rsgOl\nG1KK0TqTjGsNQz2FTISR7JEaDH9NK7BXJIXRG9Jn64LKHnC0cnF/y/kZ/qO1E+Bn\nMpLZOz2O8LcOMQU2LwlLESEBWaOHaWXryoJDPC03HNI4ysDKfHwQJtUkNFLrpOm6\nIsB409EhgW5jgGaNJGMatW4LKeuatmpwGRmQNLUPu5inpE8ogu7MdAej/DPGWUm8\nanjWIdK/61Gj/XDnHbFhInCvupY7yBiSbgDgs6t+F67Dyu6EiSP8trp1ejKr9kOj\n/0nFNu5lKqqUVXO9ZdAMmARtaWN23gLMxbGOJyvZXfvSoWYli+hNaiiafewcoIRH\n2U9/+wTltsuIDWAAkZMQ5uAJZvZ0c280MI1ZxFjYhjUZtuzqoCP49tJ9e9/ku72/\nUW00KWbHrrUUDcJd2o2xP3hLmlbexqkWhGksv4hbP0x6d2MPO+/8uTbXY4ORfwID\nAQABo4IDITCCAx0wHwYDVR0jBBgwFoAUjYxexFStiuF36Zv5mwXhuAGNYeEwHQYD\nVR0OBBYEFBB+AKRKk8n6lBaK7fGe1WquRSwKMA4GA1UdDwEB/wQEAwIFoDAMBgNV\nHRMBAf8EAjAAMB0GA1UdJQQWMBQGCCsGAQUFBwMBBggrBgEFBQcDAjBJBgNVHSAE\nQjBAMDQGCysGAQQBsjEBAgIHMCUwIwYIKwYBBQUHAgEWF2h0dHBzOi8vc2VjdGln\nby5jb20vQ1BTMAgGBmeBDAECATCBhAYIKwYBBQUHAQEEeDB2ME8GCCsGAQUFBzAC\nhkNodHRwOi8vY3J0LnNlY3RpZ28uY29tL1NlY3RpZ29SU0FEb21haW5WYWxpZGF0\naW9uU2VjdXJlU2VydmVyQ0EuY3J0MCMGCCsGAQUFBzABhhdodHRwOi8vb2NzcC5z\nZWN0aWdvLmNvbTCCAX8GCisGAQQB1nkCBAIEggFvBIIBawFpAHUA3dzKNJXX4RYF\n55Uy+sef+D0cUN/bADoUEnYKLKy7yCoAAAGQj6U8BgAABAMARjBEAiAqLo8wDJRk\nWL+JMB3JmexKL4ugh5NP0dFIZMU2TY2bswIgQHtzAFZqQmJun/RUdngNRDmkA3HK\nGiXY0QmVwul/BpAAdwAN4fIwK9MNwUBiEgnqVS78R3R8sdfpMO8OQh60fk6qNAAA\nAZCPpTvcAAAEAwBIMEYCIQDizVlgOl4dSjw8rj64tNqly5EHdNOawh+JoPS8cwbl\ndgIhAJsW/Rxv4xVc/QLU6IajxC8CbEPTpOMRLXA7DhqzVn7EAHcAEvFONL1TckyE\nBhnDjz96E/jntWKHiJxtMAWE6+WGJjoAAAGQj6U7qwAABAMASDBGAiEAx7qSQTPH\nDFkvcOfgioODlWNRhZvOO3tnTO4kYt1ubPMCIQCQgl9KCM4j+C66C2/S87bTnQ6t\n9AXo9qI68HsRRqDSizBJBgNVHREEQjBAgh8qLmFjdGlvbnMuZ2l0aHVidXNlcmNv\nbnRlbnQuY29tgh1hY3Rpb25zLmdpdGh1YnVzZXJjb250ZW50LmNvbTANBgkqhkiG\n9w0BAQsFAAOCAQEAVb9+iUtlsPIfBDLYuOOD0Cn2T3Au0QDjbwRsY3TYIqSjwemk\n5CYuecJnFyOM6FVZ5IwZtr7gBbgLECiIGe7kN/zZ2gIXRKnH3Sk3WatYWKt4disK\nHMHjkaJzsVYE+oSnEuW+hOJiYDCPbRt2bKrdmVScoFJ5QKuEQczFefCEjaoQf1S4\n4YMniGkl+RfsLXCkdsq/ylAZMGqFGTpDtwxmt2NMQiH5vD8BaD+tbsKQ9O/9tSFI\nH56u+fcqnh55elQyE+HunPZGJ42KovjahZC6ubBCkZFmdybJth76EHqJRE595wwQ\nlUS6z5DuTN7D7iYE3dMool/bpxeLWJhj0lKzvw==\n-----END CERTIFICATE-----\n",
                "is_ca": false,
                "issuer": "CN=Sectigo RSA Domain Validation Secure Server CA,O=Sectigo Limited,L=Salford,ST=Greater Manchester,C=GB",
                "not_after": "2025-07-08T23:59:59Z",
                "not_before": "2024-07-08T00:00:00Z",
                "public_key_algorithm": "RSA",
                "serial_number": "196490557728434070975673617422193146805",
                "sha1_fingerprint": "74f3a68f16524f15424927704c9506f55a9316bd",
                "signature_algorithm": "SHA256-RSA",
                "subject": "CN=*.actions.githubusercontent.com",
                "version": 3
              }
            ],
            "content": null,
            "id": "8d232a145587e7e891fc7c3dc13630d472810d21",
            "url": "https://token.actions.githubusercontent.com",
            "verify_chain": true
          },
          "sensitive_attributes": []
        }
      ]
    },
    {
      "module": "module.iam_oidc_gha_incubator",
      "mode": "managed",
      "type": "aws_iam_openid_connect_provider",
      "name": "github_actions",
      "provider": "provider[\"registry.terraform.io/hashicorp/aws\"]",
      "instances": [
        {
          "schema_version": 0,
          "attributes": {
            "arn": "arn:aws:iam::613524965002:oidc-provider/token.actions.githubusercontent.com",
            "client_id_list": [
              "sts.amazonaws.com"
            ],
            "id": "arn:aws:iam::613524965002:oidc-provider/token.actions.githubusercontent.com",
            "tags": null,
            "tags_all": {},
            "thumbprint_list": [
              "d89e3bd43d5d909b47a18977aa9d5ce36cee184c"
            ],
            "url": "token.actions.githubusercontent.com"
          },
          "sensitive_attributes": [],
          "private": "bnVsbA==",
          "dependencies": [
            "module.iam_oidc_gha_incubator.data.tls_certificate.github_actions"
          ]
        }
      ]
    },
    {
      "module": "module.iam_oidc_gha_incubator",
      "mode": "managed",
      "type": "aws_iam_role",
      "name": "github_actions_oidc",
      "provider": "provider[\"registry.terraform.io/hashicorp/aws\"]",
      "instances": [
        {
          "schema_version": 0,
          "attributes": {
            "arn": "arn:aws:iam::613524965002:role/gha-incubator",
            "assume_role_policy": "{\"Statement\":[{\"Action\":\"sts:AssumeRoleWithWebIdentity\",\"Condition\":{\"StringEquals\":{\"token.actions.githubusercontent.com:aud\":\"sts.amazonaws.com\"},\"StringLike\":{\"token.actions.githubusercontent.com:sub\":\"repo:hackforla/incubator:ref:refs/heads/*\"}},\"Effect\":\"Allow\",\"Principal\":{\"Federated\":\"arn:aws:iam::613524965002:oidc-provider/token.actions.githubusercontent.com\"}}],\"Version\":\"2012-10-17\"}",
            "create_date": "2025-01-30T07:26:56Z",
            "description": "",
            "force_detach_policies": false,
            "id": "gha-incubator",
            "inline_policy": [],
            "managed_policy_arns": [
              "arn:aws:iam::aws:policy/AdministratorAccess"
            ],
            "max_session_duration": 3600,
            "name": "gha-incubator",
            "name_prefix": "",
            "path": "/",
            "permissions_boundary": "",
            "tags": null,
            "tags_all": {},
            "unique_id": "AROAY5WHQA2FNKH7BRXZO"
          },
          "sensitive_attributes": [],
          "private": "bnVsbA==",
          "dependencies": [
            "module.iam_oidc_gha_incubator.data.aws_caller_identity.current"
          ]
        }
      ]
    },
    {
      "module": "module.iam_read_only_group",
      "mode": "managed",
      "type": "aws_iam_group",
      "name": "group",
      "provider": "provider[\"registry.terraform.io/hashicorp/aws\"]",
      "instances": [
        {
          "schema_version": 0,
          "attributes": {
            "arn": "arn:aws:iam::613524965002:group/read-only-group",
            "id": "read-only-group",
            "name": "read-only-group",
            "path": "/",
            "unique_id": "AGPAY5WHQA2FOQGKIMUTY"
          },
          "sensitive_attributes": [],
          "private": "bnVsbA=="
        }
      ]
    },
    {
      "module": "module.iam_read_only_group",
      "mode": "managed",
      "type": "aws_iam_group_policy_attachment",
      "name": "group_policy_attachment",
      "provider": "provider[\"registry.terraform.io/hashicorp/aws\"]",
      "instances": [
        {
          "index_key": "IAMUserChangePassword",
          "schema_version": 0,
          "attributes": {
            "group": "read-only-group",
            "id": "read-only-group-2025013007270075350000000f",
            "policy_arn": "arn:aws:iam::aws:policy/IAMUserChangePassword"
          },
          "sensitive_attributes": [],
          "private": "bnVsbA==",
          "dependencies": [
            "module.iam_read_only_group.aws_iam_group.group"
          ]
        },
        {
          "index_key": "ReadOnlyAccess",
          "schema_version": 0,
          "attributes": {
            "group": "read-only-group",
            "id": "read-only-group-2025013007270069230000000d",
            "policy_arn": "arn:aws:iam::aws:policy/ReadOnlyAccess"
          },
          "sensitive_attributes": [],
          "private": "bnVsbA==",
          "dependencies": [
            "module.iam_read_only_group.aws_iam_group.group"
          ]
        }
      ]
    },
    {
      "module": "module.iam_services_supervisor_group",
      "mode": "managed",
      "type": "aws_iam_group",
      "name": "group",
      "provider": "provider[\"registry.terraform.io/hashicorp/aws\"]",
      "instances": [
        {
          "schema_version": 0,
          "attributes": {
            "arn": "arn:aws:iam::613524965002:group/iam-services-supervisor-group",
            "id": "iam-services-supervisor-group",
            "name": "iam-services-supervisor-group",
            "path": "/",
            "unique_id": "AGPAY5WHQA2FFETYTME3X"
          },
          "sensitive_attributes": [],
          "private": "bnVsbA=="
        }
      ]
    },
    {
      "module": "module.iam_services_supervisor_group",
      "mode": "managed",
      "type": "aws_iam_group_policy_attachment",
      "name": "group_policy_attachment",
      "provider": "provider[\"registry.terraform.io/hashicorp/aws\"]",
      "instances": [
        {
          "index_key": "IAMServicesSupervisor",
          "schema_version": 0,
          "attributes": {
            "group": "iam-services-supervisor-group",
            "id": "iam-services-supervisor-group-20250130072701008000000013",
            "policy_arn": "arn:aws:iam::613524965002:policy/IAMServicesSupervisor"
          },
          "sensitive_attributes": [],
          "private": "bnVsbA==",
          "dependencies": [
            "module.aws_custom_policies.aws_iam_policy.custom_policy",
            "module.iam_services_supervisor_group.aws_iam_group.group"
          ]
        }
      ]
    },
    {
      "module": "module.iam_user_JimmyJuarez10",
      "mode": "managed",
      "type": "aws_iam_user",
      "name": "user",
      "provider": "provider[\"registry.terraform.io/hashicorp/aws\"]",
      "instances": [
        {
          "schema_version": 0,
          "attributes": {
            "arn": "arn:aws:iam::613524965002:user/JimmyJuarez10",
            "force_destroy": false,
            "id": "JimmyJuarez10",
            "name": "JimmyJuarez10",
            "path": "/",
            "permissions_boundary": "",
            "tags": {
              "Project": "civic-tech-jobs"
            },
            "tags_all": {
              "Project": "civic-tech-jobs"
            },
            "unique_id": "AIDAY5WHQA2FEYCTCKBXD"
          },
          "sensitive_attributes": [],
          "private": "bnVsbA=="
        }
      ]
    },
    {
      "module": "module.iam_user_JimmyJuarez10",
      "mode": "managed",
      "type": "aws_iam_user_group_membership",
      "name": "user_group_membership",
      "provider": "provider[\"registry.terraform.io/hashicorp/aws\"]",
      "instances": [
        {
          "schema_version": 0,
          "attributes": {
            "groups": [
              "read-only-group"
            ],
            "id": "terraform-20250130072702833400000015",
            "user": "JimmyJuarez10"
          },
          "sensitive_attributes": [],
          "private": "bnVsbA==",
          "dependencies": [
            "module.iam_user_JimmyJuarez10.aws_iam_user.user"
          ]
        }
      ]
    },
    {
      "module": "module.iam_user_JimmyJuarez10",
      "mode": "managed",
      "type": "aws_iam_user_login_profile",
      "name": "user_login",
      "provider": "provider[\"registry.terraform.io/hashicorp/aws\"]",
      "instances": [
        {
          "schema_version": 0,
          "attributes": {
            "encrypted_password": null,
            "id": "JimmyJuarez10",
            "key_fingerprint": null,
            "password": "%9DGlfhXxIr0YG{\u0026fuXO",
            "password_length": 20,
            "password_reset_required": true,
            "pgp_key": null,
            "user": "JimmyJuarez10"
          },
          "sensitive_attributes": [],
          "private": "bnVsbA==",
          "dependencies": [
            "module.iam_user_JimmyJuarez10.aws_iam_user.user"
          ]
        }
      ]
    },
    {
      "module": "module.iam_user_abbyz123",
      "mode": "managed",
      "type": "aws_iam_user",
      "name": "user",
      "provider": "provider[\"registry.terraform.io/hashicorp/aws\"]",
      "instances": [
        {
          "schema_version": 0,
          "attributes": {
            "arn": "arn:aws:iam::613524965002:user/abbyz123",
            "force_destroy": false,
            "id": "abbyz123",
            "name": "abbyz123",
            "path": "/",
            "permissions_boundary": "",
            "tags": {
              "Access Level": "1",
              "Project": "devops-security"
            },
            "tags_all": {
              "Access Level": "1",
              "Project": "devops-security"
            },
            "unique_id": "AIDAY5WHQA2FASB3JQM2R"
          },
          "sensitive_attributes": [],
          "private": "bnVsbA=="
        }
      ]
    },
    {
      "module": "module.iam_user_abbyz123",
      "mode": "managed",
      "type": "aws_iam_user_group_membership",
      "name": "user_group_membership",
      "provider": "provider[\"registry.terraform.io/hashicorp/aws\"]",
      "instances": [
        {
          "schema_version": 0,
          "attributes": {
            "groups": [
              "read-only-group"
            ],
            "id": "terraform-20250130072657103000000002",
            "user": "abbyz123"
          },
          "sensitive_attributes": [],
          "private": "bnVsbA==",
          "dependencies": [
            "module.iam_user_abbyz123.aws_iam_user.user"
          ]
        }
      ]
    },
    {
      "module": "module.iam_user_abbyz123",
      "mode": "managed",
      "type": "aws_iam_user_login_profile",
      "name": "user_login",
      "provider": "provider[\"registry.terraform.io/hashicorp/aws\"]",
      "instances": [
        {
          "schema_version": 0,
          "attributes": {
            "encrypted_password": null,
            "id": "abbyz123",
            "key_fingerprint": null,
            "password": "cPMx+N1Bh*UvVggPvzt\u0026",
            "password_length": 20,
            "password_reset_required": true,
            "pgp_key": null,
            "user": "abbyz123"
          },
          "sensitive_attributes": [],
          "private": "bnVsbA==",
          "dependencies": [
            "module.iam_user_abbyz123.aws_iam_user.user"
          ]
        }
      ]
    },
    {
      "module": "module.iam_user_alexe",
      "mode": "managed",
      "type": "aws_iam_user",
      "name": "user",
      "provider": "provider[\"registry.terraform.io/hashicorp/aws\"]",
      "instances": [
        {
          "schema_version": 0,
          "attributes": {
            "arn": "arn:aws:iam::613524965002:user/alexe",
            "force_destroy": false,
            "id": "alexe",
            "name": "alexe",
            "path": "/",
            "permissions_boundary": "",
            "tags": {
              "Access Level": "1",
              "Project": "devops-security"
            },
            "tags_all": {
              "Access Level": "1",
              "Project": "devops-security"
            },
            "unique_id": "AIDAY5WHQA2FL6JMGQ356"
          },
          "sensitive_attributes": [],
          "private": "bnVsbA=="
        }
      ]
    },
    {
      "module": "module.iam_user_alexe",
      "mode": "managed",
      "type": "aws_iam_user_login_profile",
      "name": "user_login",
      "provider": "provider[\"registry.terraform.io/hashicorp/aws\"]",
      "instances": [
        {
          "schema_version": 0,
          "attributes": {
            "encrypted_password": null,
            "id": "alexe",
            "key_fingerprint": null,
            "password": "w2XT'zaeWn*+]1^Lq0v=",
            "password_length": 20,
            "password_reset_required": true,
            "pgp_key": null,
            "user": "alexe"
          },
          "sensitive_attributes": [],
          "private": "bnVsbA==",
          "dependencies": [
            "module.iam_user_alexe.aws_iam_user.user"
          ]
        }
      ]
    },
    {
      "module": "module.iam_user_awlFCCamp",
      "mode": "managed",
      "type": "aws_iam_user",
      "name": "user",
      "provider": "provider[\"registry.terraform.io/hashicorp/aws\"]",
      "instances": [
        {
          "schema_version": 0,
          "attributes": {
            "arn": "arn:aws:iam::613524965002:user/awlFCCamp",
            "force_destroy": false,
            "id": "awlFCCamp",
            "name": "awlFCCamp",
            "path": "/",
            "permissions_boundary": "",
            "tags": {
              "Access Level": "1",
              "Project": "devops-security"
            },
            "tags_all": {
              "Access Level": "1",
              "Project": "devops-security"
            },
            "unique_id": "AIDAY5WHQA2FMKCYXVOO5"
          },
          "sensitive_attributes": [],
          "private": "bnVsbA=="
        }
      ]
    },
    {
      "module": "module.iam_user_awlFCCamp",
      "mode": "managed",
      "type": "aws_iam_user_group_membership",
      "name": "user_group_membership",
      "provider": "provider[\"registry.terraform.io/hashicorp/aws\"]",
      "instances": [
        {
          "schema_version": 0,
          "attributes": {
            "groups": [
              "read-only-group"
            ],
            "id": "terraform-20250130072657240400000005",
            "user": "awlFCCamp"
          },
          "sensitive_attributes": [],
          "private": "bnVsbA==",
          "dependencies": [
            "module.iam_user_awlFCCamp.aws_iam_user.user"
          ]
        }
      ]
    },
    {
      "module": "module.iam_user_awlFCCamp",
      "mode": "managed",
      "type": "aws_iam_user_login_profile",
      "name": "user_login",
      "provider": "provider[\"registry.terraform.io/hashicorp/aws\"]",
      "instances": [
        {
          "schema_version": 0,
          "attributes": {
            "encrypted_password": null,
            "id": "awlFCCamp",
            "key_fingerprint": null,
            "password": "RB8{y(C)^3Z==G7urI|]",
            "password_length": 20,
            "password_reset_required": true,
            "pgp_key": null,
            "user": "awlFCCamp"
          },
          "sensitive_attributes": [],
          "private": "bnVsbA==",
          "dependencies": [
            "module.iam_user_awlFCCamp.aws_iam_user.user"
          ]
        }
      ]
    },
    {
      "module": "module.iam_user_brittanyms",
      "mode": "managed",
      "type": "aws_iam_user",
      "name": "user",
      "provider": "provider[\"registry.terraform.io/hashicorp/aws\"]",
      "instances": [
        {
          "schema_version": 0,
          "attributes": {
            "arn": "arn:aws:iam::613524965002:user/brittanyms",
            "force_destroy": false,
            "id": "brittanyms",
            "name": "brittanyms",
            "path": "/",
            "permissions_boundary": "",
            "tags": {
              "Access Level": "1",
              "Project": "devops-security"
            },
            "tags_all": {
              "Access Level": "1",
              "Project": "devops-security"
            },
            "unique_id": "AIDAY5WHQA2FNPON7DJD4"
          },
          "sensitive_attributes": [],
          "private": "bnVsbA=="
        }
      ]
    },
    {
      "module": "module.iam_user_brittanyms",
      "mode": "managed",
      "type": "aws_iam_user_group_membership",
      "name": "user_group_membership",
      "provider": "provider[\"registry.terraform.io/hashicorp/aws\"]",
      "instances": [
        {
          "schema_version": 0,
          "attributes": {
            "groups": [
              "read-only-group"
            ],
            "id": "terraform-2025013007270065990000000c",
            "user": "brittanyms"
          },
          "sensitive_attributes": [],
          "private": "bnVsbA==",
          "dependencies": [
            "module.iam_user_brittanyms.aws_iam_user.user"
          ]
        }
      ]
    },
    {
      "module": "module.iam_user_brittanyms",
      "mode": "managed",
      "type": "aws_iam_user_login_profile",
      "name": "user_login",
      "provider": "provider[\"registry.terraform.io/hashicorp/aws\"]",
      "instances": [
        {
          "schema_version": 0,
          "attributes": {
            "encrypted_password": null,
            "id": "brittanyms",
            "key_fingerprint": null,
            "password": "]T$annl!xwv{uWq0*_9q",
            "password_length": 20,
            "password_reset_required": true,
            "pgp_key": null,
            "user": "brittanyms"
          },
          "sensitive_attributes": [],
          "private": "bnVsbA==",
          "dependencies": [
            "module.iam_user_brittanyms.aws_iam_user.user"
          ]
        }
      ]
    },
    {
      "module": "module.iam_user_chelseyb",
      "mode": "managed",
      "type": "aws_iam_user",
      "name": "user",
      "provider": "provider[\"registry.terraform.io/hashicorp/aws\"]",
      "instances": [
        {
          "schema_version": 0,
          "attributes": {
            "arn": "arn:aws:iam::613524965002:user/chelseyb",
            "force_destroy": false,
            "id": "chelseyb",
            "name": "chelseyb",
            "path": "/",
            "permissions_boundary": "",
            "tags": {
              "Access Level": "1",
              "Project": "devops-security"
            },
            "tags_all": {
              "Access Level": "1",
              "Project": "devops-security"
            },
            "unique_id": "AIDAY5WHQA2FPRC3SR3PK"
          },
          "sensitive_attributes": [],
          "private": "bnVsbA=="
        }
      ]
    },
    {
      "module": "module.iam_user_chelseyb",
      "mode": "managed",
      "type": "aws_iam_user_group_membership",
      "name": "user_group_membership",
      "provider": "provider[\"registry.terraform.io/hashicorp/aws\"]",
      "instances": [
        {
          "schema_version": 0,
          "attributes": {
            "groups": [
              "iam-services-supervisor-group",
              "read-only-group"
            ],
            "id": "terraform-20250130072657148300000004",
            "user": "chelseyb"
          },
          "sensitive_attributes": [],
          "private": "bnVsbA==",
          "dependencies": [
            "module.iam_user_chelseyb.aws_iam_user.user"
          ]
        }
      ]
    },
    {
      "module": "module.iam_user_chelseyb",
      "mode": "managed",
      "type": "aws_iam_user_login_profile",
      "name": "user_login",
      "provider": "provider[\"registry.terraform.io/hashicorp/aws\"]",
      "instances": [
        {
          "schema_version": 0,
          "attributes": {
            "encrypted_password": null,
            "id": "chelseyb",
            "key_fingerprint": null,
            "password": "RN@)$9Yv[-gERk-@v1u0",
            "password_length": 20,
            "password_reset_required": true,
            "pgp_key": null,
            "user": "chelseyb"
          },
          "sensitive_attributes": [],
          "private": "bnVsbA==",
          "dependencies": [
            "module.iam_user_chelseyb.aws_iam_user.user"
          ]
        }
      ]
    },
    {
      "module": "module.iam_user_drakeredwind01",
      "mode": "managed",
      "type": "aws_iam_user",
      "name": "user",
      "provider": "provider[\"registry.terraform.io/hashicorp/aws\"]",
      "instances": [
        {
          "schema_version": 0,
          "attributes": {
            "arn": "arn:aws:iam::613524965002:user/drakeredwind01",
            "force_destroy": false,
            "id": "drakeredwind01",
            "name": "drakeredwind01",
            "path": "/",
            "permissions_boundary": "",
            "tags": {
              "Access Level": "1",
              "Project": "devops-security"
            },
            "tags_all": {
              "Access Level": "1",
              "Project": "devops-security"
            },
            "unique_id": "AIDAY5WHQA2FMB4V2UYRN"
          },
          "sensitive_attributes": [],
          "private": "bnVsbA=="
        }
      ]
    },
    {
      "module": "module.iam_user_drakeredwind01",
      "mode": "managed",
      "type": "aws_iam_user_group_membership",
      "name": "user_group_membership",
      "provider": "provider[\"registry.terraform.io/hashicorp/aws\"]",
      "instances": [
        {
          "schema_version": 0,
          "attributes": {
            "groups": [
              "read-only-group"
            ],
            "id": "terraform-20250130072700475000000009",
            "user": "drakeredwind01"
          },
          "sensitive_attributes": [],
          "private": "bnVsbA==",
          "dependencies": [
            "module.iam_user_drakeredwind01.aws_iam_user.user"
          ]
        }
      ]
    },
    {
      "module": "module.iam_user_drakeredwind01",
      "mode": "managed",
      "type": "aws_iam_user_login_profile",
      "name": "user_login",
      "provider": "provider[\"registry.terraform.io/hashicorp/aws\"]",
      "instances": [
        {
          "schema_version": 0,
          "attributes": {
            "encrypted_password": null,
            "id": "drakeredwind01",
            "key_fingerprint": null,
            "password": "65[xA!_wiJp}V$f4r7rT",
            "password_length": 20,
            "password_reset_required": true,
            "pgp_key": null,
            "user": "drakeredwind01"
          },
          "sensitive_attributes": [],
          "private": "bnVsbA==",
          "dependencies": [
            "module.iam_user_drakeredwind01.aws_iam_user.user"
          ]
        }
      ]
    },
    {
      "module": "module.iam_user_freaky4wrld",
      "mode": "managed",
      "type": "aws_iam_user",
      "name": "user",
      "provider": "provider[\"registry.terraform.io/hashicorp/aws\"]",
      "instances": [
        {
          "schema_version": 0,
          "attributes": {
            "arn": "arn:aws:iam::613524965002:user/freaky4wrld",
            "force_destroy": false,
            "id": "freaky4wrld",
            "name": "freaky4wrld",
            "path": "/",
            "permissions_boundary": "",
            "tags": {
              "Access Level": "1",
              "Project": "devops-security"
            },
            "tags_all": {
              "Access Level": "1",
              "Project": "devops-security"
            },
            "unique_id": "AIDAY5WHQA2FIFJJ5RZNH"
          },
          "sensitive_attributes": [],
          "private": "bnVsbA=="
        }
      ]
    },
    {
      "module": "module.iam_user_freaky4wrld",
      "mode": "managed",
      "type": "aws_iam_user_group_membership",
      "name": "user_group_membership",
      "provider": "provider[\"registry.terraform.io/hashicorp/aws\"]",
      "instances": [
        {
          "schema_version": 0,
          "attributes": {
            "groups": [
              "read-only-group"
            ],
            "id": "terraform-2025013007270051180000000b",
            "user": "freaky4wrld"
          },
          "sensitive_attributes": [],
          "private": "bnVsbA==",
          "dependencies": [
            "module.iam_user_freaky4wrld.aws_iam_user.user"
          ]
        }
      ]
    },
    {
      "module": "module.iam_user_freaky4wrld",
      "mode": "managed",
      "type": "aws_iam_user_login_profile",
      "name": "user_login",
      "provider": "provider[\"registry.terraform.io/hashicorp/aws\"]",
      "instances": [
        {
          "schema_version": 0,
          "attributes": {
            "encrypted_password": null,
            "id": "freaky4wrld",
            "key_fingerprint": null,
            "password": "HkK'svAqzKk\u0026(@G0hH|A",
            "password_length": 20,
            "password_reset_required": true,
            "pgp_key": null,
            "user": "freaky4wrld"
          },
          "sensitive_attributes": [],
          "private": "bnVsbA==",
          "dependencies": [
            "module.iam_user_freaky4wrld.aws_iam_user.user"
          ]
        }
      ]
    },
    {
      "module": "module.iam_user_jbubar",
      "mode": "managed",
      "type": "aws_iam_user",
      "name": "user",
      "provider": "provider[\"registry.terraform.io/hashicorp/aws\"]",
      "instances": [
        {
          "schema_version": 0,
          "attributes": {
            "arn": "arn:aws:iam::613524965002:user/jbubar",
            "force_destroy": false,
            "id": "jbubar",
            "name": "jbubar",
            "path": "/",
            "permissions_boundary": "",
            "tags": {
              "Access Level": "1",
              "Project": "vrms"
            },
            "tags_all": {
              "Access Level": "1",
              "Project": "vrms"
            },
            "unique_id": "AIDAY5WHQA2FMJQBSWWFA"
          },
          "sensitive_attributes": [],
          "private": "bnVsbA=="
        }
      ]
    },
    {
      "module": "module.iam_user_jbubar",
      "mode": "managed",
      "type": "aws_iam_user_group_membership",
      "name": "user_group_membership",
      "provider": "provider[\"registry.terraform.io/hashicorp/aws\"]",
      "instances": [
        {
          "schema_version": 0,
          "attributes": {
            "groups": [
              "read-only-group"
            ],
            "id": "terraform-20250130072657107300000003",
            "user": "jbubar"
          },
          "sensitive_attributes": [],
          "private": "bnVsbA==",
          "dependencies": [
            "module.iam_user_jbubar.aws_iam_user.user"
          ]
        }
      ]
    },
    {
      "module": "module.iam_user_jbubar",
      "mode": "managed",
      "type": "aws_iam_user_login_profile",
      "name": "user_login",
      "provider": "provider[\"registry.terraform.io/hashicorp/aws\"]",
      "instances": [
        {
          "schema_version": 0,
          "attributes": {
            "encrypted_password": null,
            "id": "jbubar",
            "key_fingerprint": null,
            "password": "-MrSR592]1HgqeqpB]F!",
            "password_length": 20,
            "password_reset_required": true,
            "pgp_key": null,
            "user": "jbubar"
          },
          "sensitive_attributes": [],
          "private": "bnVsbA==",
          "dependencies": [
            "module.iam_user_jbubar.aws_iam_user.user"
          ]
        }
      ]
    },
    {
      "module": "module.iam_user_lsousadev",
      "mode": "managed",
      "type": "aws_iam_user",
      "name": "user",
      "provider": "provider[\"registry.terraform.io/hashicorp/aws\"]",
      "instances": [
        {
          "schema_version": 0,
          "attributes": {
            "arn": "arn:aws:iam::613524965002:user/lsousadev",
            "force_destroy": false,
            "id": "lsousadev",
            "name": "lsousadev",
            "path": "/",
            "permissions_boundary": "",
            "tags": {
              "Access Level": "1",
              "Project": "devops-security"
            },
            "tags_all": {
              "Access Level": "1",
              "Project": "devops-security"
            },
            "unique_id": "AIDAY5WHQA2FHOUV3AJP2"
          },
          "sensitive_attributes": [],
          "private": "bnVsbA=="
        }
      ]
    },
    {
      "module": "module.iam_user_lsousadev",
      "mode": "managed",
      "type": "aws_iam_user_group_membership",
      "name": "user_group_membership",
      "provider": "provider[\"registry.terraform.io/hashicorp/aws\"]",
      "instances": [
        {
          "schema_version": 0,
          "attributes": {
            "groups": [
              "read-only-group"
            ],
            "id": "terraform-20250130072700870500000010",
            "user": "lsousadev"
          },
          "sensitive_attributes": [],
          "private": "bnVsbA==",
          "dependencies": [
            "module.iam_user_lsousadev.aws_iam_user.user"
          ]
        }
      ]
    },
    {
      "module": "module.iam_user_lsousadev",
      "mode": "managed",
      "type": "aws_iam_user_login_profile",
      "name": "user_login",
      "provider": "provider[\"registry.terraform.io/hashicorp/aws\"]",
      "instances": [
        {
          "schema_version": 0,
          "attributes": {
            "encrypted_password": null,
            "id": "lsousadev",
            "key_fingerprint": null,
            "password": "$YBT|ps)O-3\u00265]O%sdDk",
            "password_length": 20,
            "password_reset_required": true,
            "pgp_key": null,
            "user": "lsousadev"
          },
          "sensitive_attributes": [],
          "private": "bnVsbA==",
          "dependencies": [
            "module.iam_user_lsousadev.aws_iam_user.user"
          ]
        }
      ]
    },
    {
      "module": "module.iam_user_npang4",
      "mode": "managed",
      "type": "aws_iam_user",
      "name": "user",
      "provider": "provider[\"registry.terraform.io/hashicorp/aws\"]",
      "instances": [
        {
          "schema_version": 0,
          "attributes": {
            "arn": "arn:aws:iam::613524965002:user/npang4",
            "force_destroy": false,
            "id": "npang4",
            "name": "npang4",
            "path": "/",
            "permissions_boundary": "",
            "tags": {
              "Access Level": "1",
              "Project": "devops-security"
            },
            "tags_all": {
              "Access Level": "1",
              "Project": "devops-security"
            },
            "unique_id": "AIDAY5WHQA2FF4SYGCHYR"
          },
          "sensitive_attributes": [],
          "private": "bnVsbA=="
        }
      ]
    },
    {
      "module": "module.iam_user_npang4",
      "mode": "managed",
      "type": "aws_iam_user_group_membership",
      "name": "user_group_membership",
      "provider": "provider[\"registry.terraform.io/hashicorp/aws\"]",
      "instances": [
        {
          "schema_version": 0,
          "attributes": {
            "groups": [
              "read-only-group"
            ],
            "id": "terraform-20250130072701101100000014",
            "user": "npang4"
          },
          "sensitive_attributes": [],
          "private": "bnVsbA==",
          "dependencies": [
            "module.iam_user_npang4.aws_iam_user.user"
          ]
        }
      ]
    },
    {
      "module": "module.iam_user_npang4",
      "mode": "managed",
      "type": "aws_iam_user_login_profile",
      "name": "user_login",
      "provider": "provider[\"registry.terraform.io/hashicorp/aws\"]",
      "instances": [
        {
          "schema_version": 0,
          "attributes": {
            "encrypted_password": null,
            "id": "npang4",
            "key_fingerprint": null,
            "password": "^bZKkeQJ]yEW5y3$)=I^",
            "password_length": 20,
            "password_reset_required": true,
            "pgp_key": null,
            "user": "npang4"
          },
          "sensitive_attributes": [],
          "private": "bnVsbA==",
          "dependencies": [
            "module.iam_user_npang4.aws_iam_user.user"
          ]
        }
      ]
    },
    {
      "module": "module.iam_user_rsakuma",
      "mode": "managed",
      "type": "aws_iam_user",
      "name": "user",
      "provider": "provider[\"registry.terraform.io/hashicorp/aws\"]",
      "instances": [
        {
          "schema_version": 0,
          "attributes": {
            "arn": "arn:aws:iam::613524965002:user/rsakuma",
            "force_destroy": false,
            "id": "rsakuma",
            "name": "rsakuma",
            "path": "/",
            "permissions_boundary": "",
            "tags": {
              "Access Level": "1",
              "Project": "devops-security"
            },
            "tags_all": {
              "Access Level": "1",
              "Project": "devops-security"
            },
            "unique_id": "AIDAY5WHQA2FB3LA2QEI3"
          },
          "sensitive_attributes": [],
          "private": "bnVsbA=="
        }
      ]
    },
    {
      "module": "module.iam_user_rsakuma",
      "mode": "managed",
      "type": "aws_iam_user_group_membership",
      "name": "user_group_membership",
      "provider": "provider[\"registry.terraform.io/hashicorp/aws\"]",
      "instances": [
        {
          "schema_version": 0,
          "attributes": {
            "groups": [
              "read-only-group"
            ],
            "id": "terraform-20250130072700005500000006",
            "user": "rsakuma"
          },
          "sensitive_attributes": [],
          "private": "bnVsbA==",
          "dependencies": [
            "module.iam_user_rsakuma.aws_iam_user.user"
          ]
        }
      ]
    },
    {
      "module": "module.iam_user_rsakuma",
      "mode": "managed",
      "type": "aws_iam_user_login_profile",
      "name": "user_login",
      "provider": "provider[\"registry.terraform.io/hashicorp/aws\"]",
      "instances": [
        {
          "schema_version": 0,
          "attributes": {
            "encrypted_password": null,
            "id": "rsakuma",
            "key_fingerprint": null,
            "password": "iJ=3GSAy8iup}'-Uaxis",
            "password_length": 20,
            "password_reset_required": true,
            "pgp_key": null,
            "user": "rsakuma"
          },
          "sensitive_attributes": [],
          "private": "bnVsbA==",
          "dependencies": [
            "module.iam_user_rsakuma.aws_iam_user.user"
          ]
        }
      ]
    },
    {
      "module": "module.iam_user_samuelusc",
      "mode": "managed",
      "type": "aws_iam_user",
      "name": "user",
      "provider": "provider[\"registry.terraform.io/hashicorp/aws\"]",
      "instances": [
        {
          "schema_version": 0,
          "attributes": {
            "arn": "arn:aws:iam::613524965002:user/samuelusc",
            "force_destroy": false,
            "id": "samuelusc",
            "name": "samuelusc",
            "path": "/",
            "permissions_boundary": "",
            "tags": {
              "Access Level": "1",
              "Project": "devops-security"
            },
            "tags_all": {
              "Access Level": "1",
              "Project": "devops-security"
            },
            "unique_id": "AIDAY5WHQA2FHLWPEUYA6"
          },
          "sensitive_attributes": [],
          "private": "bnVsbA=="
        }
      ]
    },
    {
      "module": "module.iam_user_samuelusc",
      "mode": "managed",
      "type": "aws_iam_user_group_membership",
      "name": "user_group_membership",
      "provider": "provider[\"registry.terraform.io/hashicorp/aws\"]",
      "instances": [
        {
          "schema_version": 0,
          "attributes": {
            "groups": [
              "read-only-group"
            ],
            "id": "terraform-20250130072657002200000001",
            "user": "samuelusc"
          },
          "sensitive_attributes": [],
          "private": "bnVsbA==",
          "dependencies": [
            "module.iam_user_samuelusc.aws_iam_user.user"
          ]
        }
      ]
    },
    {
      "module": "module.iam_user_samuelusc",
      "mode": "managed",
      "type": "aws_iam_user_login_profile",
      "name": "user_login",
      "provider": "provider[\"registry.terraform.io/hashicorp/aws\"]",
      "instances": [
        {
          "schema_version": 0,
          "attributes": {
            "encrypted_password": null,
            "id": "samuelusc",
            "key_fingerprint": null,
            "password": "]yjSG5+w%h2qgjlobmW[",
            "password_length": 20,
            "password_reset_required": true,
            "pgp_key": null,
            "user": "samuelusc"
          },
          "sensitive_attributes": [],
          "private": "bnVsbA==",
          "dependencies": [
            "module.iam_user_samuelusc.aws_iam_user.user"
          ]
        }
      ]
    },
    {
      "module": "module.iam_user_shikha0428",
      "mode": "managed",
      "type": "aws_iam_user",
      "name": "user",
      "provider": "provider[\"registry.terraform.io/hashicorp/aws\"]",
      "instances": [
        {
          "schema_version": 0,
          "attributes": {
            "arn": "arn:aws:iam::613524965002:user/shikha0428",
            "force_destroy": false,
            "id": "shikha0428",
            "name": "shikha0428",
            "path": "/",
            "permissions_boundary": "",
            "tags": {
              "Access Level": "1",
              "Project": "devops-security"
            },
            "tags_all": {
              "Access Level": "1",
              "Project": "devops-security"
            },
            "unique_id": "AIDAY5WHQA2FF7HHP43KH"
          },
          "sensitive_attributes": [],
          "private": "bnVsbA=="
        }
      ]
    },
    {
      "module": "module.iam_user_shikha0428",
      "mode": "managed",
      "type": "aws_iam_user_group_membership",
      "name": "user_group_membership",
      "provider": "provider[\"registry.terraform.io/hashicorp/aws\"]",
      "instances": [
        {
          "schema_version": 0,
          "attributes": {
            "groups": [
              "read-only-group"
            ],
            "id": "terraform-2025013007270072290000000e",
            "user": "shikha0428"
          },
          "sensitive_attributes": [],
          "private": "bnVsbA==",
          "dependencies": [
            "module.iam_user_shikha0428.aws_iam_user.user"
          ]
        }
      ]
    },
    {
      "module": "module.iam_user_shikha0428",
      "mode": "managed",
      "type": "aws_iam_user_login_profile",
      "name": "user_login",
      "provider": "provider[\"registry.terraform.io/hashicorp/aws\"]",
      "instances": [
        {
          "schema_version": 0,
          "attributes": {
            "encrypted_password": null,
            "id": "shikha0428",
            "key_fingerprint": null,
            "password": "AlN8A^Kcp'JUkx\u0026_W)zm",
            "password_length": 20,
            "password_reset_required": true,
            "pgp_key": null,
            "user": "shikha0428"
          },
          "sensitive_attributes": [],
          "private": "bnVsbA==",
          "dependencies": [
            "module.iam_user_shikha0428.aws_iam_user.user"
          ]
        }
      ]
    },
    {
      "module": "module.iam_user_shinjonathan",
      "mode": "managed",
      "type": "aws_iam_user",
      "name": "user",
      "provider": "provider[\"registry.terraform.io/hashicorp/aws\"]",
      "instances": [
        {
          "schema_version": 0,
          "attributes": {
            "arn": "arn:aws:iam::613524965002:user/shinjonathan",
            "force_destroy": false,
            "id": "shinjonathan",
            "name": "shinjonathan",
            "path": "/",
            "permissions_boundary": "",
            "tags": {
              "Access Level": "1",
              "Project": "devops-security"
            },
            "tags_all": {
              "Access Level": "1",
              "Project": "devops-security"
            },
            "unique_id": "AIDAY5WHQA2FPGB32TM3D"
          },
          "sensitive_attributes": [],
          "private": "bnVsbA=="
        }
      ]
    },
    {
      "module": "module.iam_user_shinjonathan",
      "mode": "managed",
      "type": "aws_iam_user_group_membership",
      "name": "user_group_membership",
      "provider": "provider[\"registry.terraform.io/hashicorp/aws\"]",
      "instances": [
        {
          "schema_version": 0,
          "attributes": {
            "groups": [
              "read-only-group"
            ],
            "id": "terraform-20250130072700406700000008",
            "user": "shinjonathan"
          },
          "sensitive_attributes": [],
          "private": "bnVsbA==",
          "dependencies": [
            "module.iam_user_shinjonathan.aws_iam_user.user"
          ]
        }
      ]
    },
    {
      "module": "module.iam_user_shinjonathan",
      "mode": "managed",
      "type": "aws_iam_user_login_profile",
      "name": "user_login",
      "provider": "provider[\"registry.terraform.io/hashicorp/aws\"]",
      "instances": [
        {
          "schema_version": 0,
          "attributes": {
            "encrypted_password": null,
            "id": "shinjonathan",
            "key_fingerprint": null,
            "password": "'vo|%e19+ABlOpcQ4YAG",
            "password_length": 20,
            "password_reset_required": true,
            "pgp_key": null,
            "user": "shinjonathan"
          },
          "sensitive_attributes": [],
          "private": "bnVsbA==",
          "dependencies": [
            "module.iam_user_shinjonathan.aws_iam_user.user"
          ]
        }
      ]
    },
    {
      "module": "module.iam_user_spiteless",
      "mode": "managed",
      "type": "aws_iam_user",
      "name": "user",
      "provider": "provider[\"registry.terraform.io/hashicorp/aws\"]",
      "instances": [
        {
          "schema_version": 0,
          "attributes": {
            "arn": "arn:aws:iam::613524965002:user/spiteless",
            "force_destroy": false,
            "id": "spiteless",
            "name": "spiteless",
            "path": "/",
            "permissions_boundary": "",
            "tags": {
              "Access Level": "1",
              "Project": "vrms"
            },
            "tags_all": {
              "Access Level": "1",
              "Project": "vrms"
            },
            "unique_id": "AIDAY5WHQA2FN5TMF5DXS"
          },
          "sensitive_attributes": [],
          "private": "bnVsbA=="
        }
      ]
    },
    {
      "module": "module.iam_user_spiteless",
      "mode": "managed",
      "type": "aws_iam_user_group_membership",
      "name": "user_group_membership",
      "provider": "provider[\"registry.terraform.io/hashicorp/aws\"]",
      "instances": [
        {
          "schema_version": 0,
          "attributes": {
            "groups": [
              "read-only-group"
            ],
            "id": "terraform-20250130072700977200000011",
            "user": "spiteless"
          },
          "sensitive_attributes": [],
          "private": "bnVsbA==",
          "dependencies": [
            "module.iam_user_spiteless.aws_iam_user.user"
          ]
        }
      ]
    },
    {
      "module": "module.iam_user_spiteless",
      "mode": "managed",
      "type": "aws_iam_user_login_profile",
      "name": "user_login",
      "provider": "provider[\"registry.terraform.io/hashicorp/aws\"]",
      "instances": [
        {
          "schema_version": 0,
          "attributes": {
            "encrypted_password": null,
            "id": "spiteless",
            "key_fingerprint": null,
            "password": "I6WMtai9iD#Qbx@f6gMt",
            "password_length": 20,
            "password_reset_required": true,
            "pgp_key": null,
            "user": "spiteless"
          },
          "sensitive_attributes": [],
          "private": "bnVsbA==",
          "dependencies": [
            "module.iam_user_spiteless.aws_iam_user.user"
          ]
        }
      ]
    },
    {
      "module": "module.iam_user_srinipandiyan",
      "mode": "managed",
      "type": "aws_iam_user",
      "name": "user",
      "provider": "provider[\"registry.terraform.io/hashicorp/aws\"]",
      "instances": [
        {
          "schema_version": 0,
          "attributes": {
            "arn": "arn:aws:iam::613524965002:user/srinipandiyan",
            "force_destroy": false,
            "id": "srinipandiyan",
            "name": "srinipandiyan",
            "path": "/",
            "permissions_boundary": "",
            "tags": {
              "Access Level": "1",
              "Project": "devops-security"
            },
            "tags_all": {
              "Access Level": "1",
              "Project": "devops-security"
            },
            "unique_id": "AIDAY5WHQA2FKOG2MU4AF"
          },
          "sensitive_attributes": [],
          "private": "bnVsbA=="
        }
      ]
    },
    {
      "module": "module.iam_user_srinipandiyan",
      "mode": "managed",
      "type": "aws_iam_user_group_membership",
      "name": "user_group_membership",
      "provider": "provider[\"registry.terraform.io/hashicorp/aws\"]",
      "instances": [
        {
          "schema_version": 0,
          "attributes": {
            "groups": [
              "read-only-group"
            ],
            "id": "terraform-20250130072700993100000012",
            "user": "srinipandiyan"
          },
          "sensitive_attributes": [],
          "private": "bnVsbA==",
          "dependencies": [
            "module.iam_user_srinipandiyan.aws_iam_user.user"
          ]
        }
      ]
    },
    {
      "module": "module.iam_user_srinipandiyan",
      "mode": "managed",
      "type": "aws_iam_user_login_profile",
      "name": "user_login",
      "provider": "provider[\"registry.terraform.io/hashicorp/aws\"]",
      "instances": [
        {
          "schema_version": 0,
          "attributes": {
            "encrypted_password": null,
            "id": "srinipandiyan",
            "key_fingerprint": null,
            "password": "pTQ*H{0+UdQ9w*Cip@yF",
            "password_length": 20,
            "password_reset_required": true,
            "pgp_key": null,
            "user": "srinipandiyan"
          },
          "sensitive_attributes": [],
          "private": "bnVsbA==",
          "dependencies": [
            "module.iam_user_srinipandiyan.aws_iam_user.user"
          ]
        }
      ]
    },
    {
      "module": "module.iam_user_testiamuser",
      "mode": "managed",
      "type": "aws_iam_user",
      "name": "user",
      "provider": "provider[\"registry.terraform.io/hashicorp/aws\"]",
      "instances": [
        {
          "schema_version": 0,
          "attributes": {
            "arn": "arn:aws:iam::613524965002:user/testiamuser",
            "force_destroy": false,
            "id": "testiamuser",
            "name": "testiamuser",
            "path": "/",
            "permissions_boundary": "",
            "tags": {
              "Access Level": "1",
              "Project": "devops-security"
            },
            "tags_all": {
              "Access Level": "1",
              "Project": "devops-security"
            },
            "unique_id": "AIDAY5WHQA2FEQAKZJTVE"
          },
          "sensitive_attributes": [],
          "private": "bnVsbA=="
        }
      ]
    },
    {
      "module": "module.iam_user_testiamuser",
      "mode": "managed",
      "type": "aws_iam_user_group_membership",
      "name": "user_group_membership",
      "provider": "provider[\"registry.terraform.io/hashicorp/aws\"]",
      "instances": [
        {
          "schema_version": 0,
          "attributes": {
            "groups": [
              "read-only-group"
            ],
            "id": "terraform-20250130072700104700000007",
            "user": "testiamuser"
          },
          "sensitive_attributes": [],
          "private": "bnVsbA==",
          "dependencies": [
            "module.iam_user_testiamuser.aws_iam_user.user"
          ]
        }
      ]
    },
    {
      "module": "module.iam_user_testiamuser",
      "mode": "managed",
      "type": "aws_iam_user_login_profile",
      "name": "user_login",
      "provider": "provider[\"registry.terraform.io/hashicorp/aws\"]",
      "instances": [
        {
          "schema_version": 0,
          "attributes": {
            "encrypted_password": null,
            "id": "testiamuser",
            "key_fingerprint": null,
            "password": "nZH6@%O9p6P'8_|#QgW^",
            "password_length": 20,
            "password_reset_required": true,
            "pgp_key": null,
            "user": "testiamuser"
          },
          "sensitive_attributes": [],
          "private": "bnVsbA==",
          "dependencies": [
            "module.iam_user_testiamuser.aws_iam_user.user"
          ]
        }
      ]
    },
    {
      "module": "module.iam_user_tylerthome",
      "mode": "managed",
      "type": "aws_iam_user",
      "name": "user",
      "provider": "provider[\"registry.terraform.io/hashicorp/aws\"]",
      "instances": [
        {
          "schema_version": 0,
          "attributes": {
            "arn": "arn:aws:iam::613524965002:user/tyler.thome",
            "force_destroy": false,
            "id": "tyler.thome",
            "name": "tyler.thome",
            "path": "/",
            "permissions_boundary": "",
            "tags": {
              "Access Level": "1",
              "Project": "home-unite-us"
            },
            "tags_all": {
              "Access Level": "1",
              "Project": "home-unite-us"
            },
            "unique_id": "AIDAY5WHQA2FDDIE5HUYI"
          },
          "sensitive_attributes": [],
          "private": "bnVsbA=="
        }
      ]
    },
    {
      "module": "module.iam_user_tylerthome",
      "mode": "managed",
      "type": "aws_iam_user_group_membership",
      "name": "user_group_membership",
      "provider": "provider[\"registry.terraform.io/hashicorp/aws\"]",
      "instances": [
        {
          "schema_version": 0,
          "attributes": {
            "groups": [
              "read-only-group"
            ],
            "id": "terraform-2025013007270050840000000a",
            "user": "tyler.thome"
          },
          "sensitive_attributes": [],
          "private": "bnVsbA==",
          "dependencies": [
            "module.iam_user_tylerthome.aws_iam_user.user"
          ]
        }
      ]
    },
    {
      "module": "module.iam_user_tylerthome",
      "mode": "managed",
      "type": "aws_iam_user_login_profile",
      "name": "user_login",
      "provider": "provider[\"registry.terraform.io/hashicorp/aws\"]",
      "instances": [
        {
          "schema_version": 0,
          "attributes": {
            "encrypted_password": null,
            "id": "tyler.thome",
            "key_fingerprint": null,
            "password": "Mll_8BzohQLl%tSTO4so",
            "password_length": 20,
            "password_reset_required": true,
            "pgp_key": null,
            "user": "tyler.thome"
          },
          "sensitive_attributes": [],
          "private": "bnVsbA==",
          "dependencies": [
            "module.iam_user_tylerthome.aws_iam_user.user"
          ]
        }
      ]
    }
  ],
  "check_results": [
    {
      "object_kind": "var",
      "config_addr": "module.iam_oidc_gha_incubator.var.github_repo",
      "status": "pass",
      "objects": [
        {
          "object_addr": "module.iam_oidc_gha_incubator.var.github_repo",
          "status": "pass"
        }
      ]
    },
    {
      "object_kind": "var",
      "config_addr": "module.iam_oidc_gha_incubator.var.github_branch",
      "status": "pass",
      "objects": [
        {
          "object_addr": "module.iam_oidc_gha_incubator.var.github_branch",
          "status": "pass"
        }
      ]
    }
  ]
}
